%{"benchfella": {:hex, :benchfella, "0.3.3", "bbde48b5fe1ef556baa7ad933008e214e050e81ddb0916350715f5759fb35c0c", [:mix], []},
  "bunt": {:hex, :bunt, "0.2.0", "951c6e801e8b1d2cbe58ebbd3e616a869061ddadcc4863d0a2182541acae9a38", [:mix], []},
  "certifi": {:hex, :certifi, "0.7.0", "861a57f3808f7eb0c2d1802afeaae0fa5de813b0df0979153cbafcd853ababaf", [:rebar3], []},
  "combine": {:hex, :combine, "0.9.6", "8d1034a127d4cbf6924c8a5010d3534d958085575fa4d9b878f200d79ac78335", [:mix], []},
  "credo": {:hex, :credo, "0.6.0", "44a82f82b94eeb4ba6092c89b8a6730ca1a3291c7940739d5acc8806d25ac991", [:mix], [{:bunt, "~> 0.2.0", [hex: :bunt, optional: false]}]},
  "earmark": {:hex, :earmark, "1.1.0", "8c2bf85d725050a92042bc1edf362621004d43ca6241c756f39612084e95487f", [:mix], []},
  "ex_doc": {:hex, :ex_doc, "0.14.5", "c0433c8117e948404d93ca69411dd575ec6be39b47802e81ca8d91017a0cf83c", [:mix], [{:earmark, "~> 1.0", [hex: :earmark, optional: false]}]},
  "exprintf": {:hex, :exprintf, "0.1.6", "b5b0a38bf78a357dbc61cdf7364fea004af6fdf5214be44021eb2ea7edf61f6e", [:mix], []},
  "exprof": {:hex, :exprof, "0.2.0", "b03f50d0d33e2f18c8e047d9188ba765dc32daba0b553ed717a98a78561d5eaf", [:mix], [{:exprintf, "~> 0.1", [hex: :exprintf, optional: false]}]},
  "gettext": {:hex, :gettext, "0.13.1", "5e0daf4e7636d771c4c71ad5f3f53ba09a9ae5c250e1ab9c42ba9edccc476263", [:mix], []},
  "hackney": {:hex, :hackney, "1.6.5", "8c025ee397ac94a184b0743c73b33b96465e85f90a02e210e86df6cbafaa5065", [:rebar3], [{:certifi, "0.7.0", [hex: :certifi, optional: false]}, {:idna, "1.2.0", [hex: :idna, optional: false]}, {:metrics, "1.0.1", [hex: :metrics, optional: false]}, {:mimerl, "1.0.2", [hex: :mimerl, optional: false]}, {:ssl_verify_fun, "1.1.1", [hex: :ssl_verify_fun, optional: false]}]},
  "idna": {:hex, :idna, "1.2.0", "ac62ee99da068f43c50dc69acf700e03a62a348360126260e87f2b54eced86b2", [], []},
  "metrics": {:hex, :metrics, "1.0.1", "25f094dea2cda98213cecc3aeff09e940299d950904393b2a29d191c346a8486", [], []},
  "mimerl": {:hex, :mimerl, "1.0.2", "993f9b0e084083405ed8252b99460c4f0563e41729ab42d9074fd5e52439be88", [], []},
  "ssl_verify_fun": {:hex, :ssl_verify_fun, "1.1.1", "28a4d65b7f59893bc2c7de786dec1e1555bd742d336043fe644ae956c3497fbe", [:make, :rebar], []},
  "timex": {:hex, :timex, "3.1.8", "a32f636c4260dd7515a3767be3d3a163dc09d15f0e9e689254b7bab152b29209", [:mix], [{:combine, "~> 0.7", [hex: :combine, optional: false]}, {:gettext, "~> 0.10", [hex: :gettext, optional: false]}, {:tzdata, "~> 0.1.8 or ~> 0.5", [hex: :tzdata, optional: false]}]},
  "tzdata": {:hex, :tzdata, "0.5.10", "087e8dfe8c0283473115ad8ca6974b898ecb55ca5c725427a142a79593391e90", [:mix], [{:hackney, "~> 1.0", [hex: :hackney, optional: false]}]}}
